
Microsoft Visual Studio Solution File, Format Version 12.00
# Visual Studio Version 17
VisualStudioVersion = 17.14.36414.22 d17.14
MinimumVisualStudioVersion = 10.0.40219.1
Project("{FAE04EC0-301F-11D3-BF4B-00C04F79EFBC}") = "КРПП_тест", "КРПП_тест\КРПП_тест.csproj", "{38FD1FEC-979E-4803-8C31-1368658F21DE}"
EndProject
Global
	GlobalSection(SolutionConfigurationPlatforms) = preSolution
		Debug|Any CPU = Debug|Any CPU
		Release|Any CPU = Release|Any CPU
	EndGlobalSection
	GlobalSection(ProjectConfigurationPlatforms) = postSolution
		{38FD1FEC-979E-4803-8C31-1368658F21DE}.Debug|Any CPU.ActiveCfg = Debug|Any CPU
		{38FD1FEC-979E-4803-8C31-1368658F21DE}.Debug|Any CPU.Build.0 = Debug|Any CPU
		{38FD1FEC-979E-4803-8C31-1368658F21DE}.Release|Any CPU.ActiveCfg = Release|Any CPU
		{38FD1FEC-979E-4803-8C31-1368658F21DE}.Release|Any CPU.Build.0 = Release|Any CPU
	EndGlobalSection
	GlobalSection(SolutionProperties) = preSolution
		HideSolutionNode = FALSE
	EndGlobalSection
	GlobalSection(ExtensibilityGlobals) = postSolution
		SolutionGuid = {A96D95E6-7ACB-4C65-9EB8-895EBF4CDFF3}
	EndGlobalSection
EndGlobal
